
Microsoft Visual Studio Solution File, Format Version 12.00
# Visual Studio Version 17
VisualStudioVersion = 17.9.34622.214
MinimumVisualStudioVersion = 10.0.40219.1
Project("{FAE04EC0-301F-11D3-BF4B-00C04F79EFBC}") = "QrCode", "QrCode\QrCode.csproj", "{92BCE96A-2A21-4652-B6E0-E7C8F2BE76CE}"
EndProject
Global
	GlobalSection(SolutionConfigurationPlatforms) = preSolution
		Debug|Any CPU = Debug|Any CPU
		Release|Any CPU = Release|Any CPU
	EndGlobalSection
	GlobalSection(ProjectConfigurationPlatforms) = postSolution
		{92BCE96A-2A21-4652-B6E0-E7C8F2BE76CE}.Debug|Any CPU.ActiveCfg = Debug|Any CPU
		{92BCE96A-2A21-4652-B6E0-E7C8F2BE76CE}.Debug|Any CPU.Build.0 = Debug|Any CPU
		{92BCE96A-2A21-4652-B6E0-E7C8F2BE76CE}.Debug|Any CPU.Deploy.0 = Debug|Any CPU
		{92BCE96A-2A21-4652-B6E0-E7C8F2BE76CE}.Release|Any CPU.ActiveCfg = Release|Any CPU
		{92BCE96A-2A21-4652-B6E0-E7C8F2BE76CE}.Release|Any CPU.Build.0 = Release|Any CPU
		{92BCE96A-2A21-4652-B6E0-E7C8F2BE76CE}.Release|Any CPU.Deploy.0 = Release|Any CPU
	EndGlobalSection
	GlobalSection(SolutionProperties) = preSolution
		HideSolutionNode = FALSE
	EndGlobalSection
	GlobalSection(ExtensibilityGlobals) = postSolution
		SolutionGuid = {6C624A9C-FD2B-4519-BE62-D1D4F4AAE8C8}
	EndGlobalSection
EndGlobal
